
Microsoft Visual Studio Solution File, Format Version 12.00
# Visual Studio Version 17
VisualStudioVersion = 17.13.35931.197
MinimumVisualStudioVersion = 10.0.40219.1
Project("{9A19103F-16F7-4668-BE54-9A1E7A4F7556}") = "Agif_V2", "Agif_V2\Agif_V2.csproj", "{F98DC906-20C4-498E-AF3A-001A0BCA83DC}"
EndProject
Project("{9A19103F-16F7-4668-BE54-9A1E7A4F7556}") = "DataTransferObject", "DataTransferObject\DataTransferObject.csproj", "{A5C5B720-69A3-485A-8606-A9A34CFBFE0B}"
EndProject
Project("{9A19103F-16F7-4668-BE54-9A1E7A4F7556}") = "DataAccessLayer", "DataAccessLayer\DataAccessLayer.csproj", "{9EBF82A2-0FC4-4C74-86CC-C6EC558D7C4E}"
EndProject
Global
	GlobalSection(SolutionConfigurationPlatforms) = preSolution
		Debug|Any CPU = Debug|Any CPU
		Release|Any CPU = Release|Any CPU
	EndGlobalSection
	GlobalSection(ProjectConfigurationPlatforms) = postSolution
		{F98DC906-20C4-498E-AF3A-001A0BCA83DC}.Debug|Any CPU.ActiveCfg = Debug|Any CPU
		{F98DC906-20C4-498E-AF3A-001A0BCA83DC}.Debug|Any CPU.Build.0 = Debug|Any CPU
		{F98DC906-20C4-498E-AF3A-001A0BCA83DC}.Release|Any CPU.ActiveCfg = Release|Any CPU
		{F98DC906-20C4-498E-AF3A-001A0BCA83DC}.Release|Any CPU.Build.0 = Release|Any CPU
		{A5C5B720-69A3-485A-8606-A9A34CFBFE0B}.Debug|Any CPU.ActiveCfg = Debug|Any CPU
		{A5C5B720-69A3-485A-8606-A9A34CFBFE0B}.Debug|Any CPU.Build.0 = Debug|Any CPU
		{A5C5B720-69A3-485A-8606-A9A34CFBFE0B}.Release|Any CPU.ActiveCfg = Release|Any CPU
		{A5C5B720-69A3-485A-8606-A9A34CFBFE0B}.Release|Any CPU.Build.0 = Release|Any CPU
		{9EBF82A2-0FC4-4C74-86CC-C6EC558D7C4E}.Debug|Any CPU.ActiveCfg = Debug|Any CPU
		{9EBF82A2-0FC4-4C74-86CC-C6EC558D7C4E}.Debug|Any CPU.Build.0 = Debug|Any CPU
		{9EBF82A2-0FC4-4C74-86CC-C6EC558D7C4E}.Release|Any CPU.ActiveCfg = Release|Any CPU
		{9EBF82A2-0FC4-4C74-86CC-C6EC558D7C4E}.Release|Any CPU.Build.0 = Release|Any CPU
	EndGlobalSection
	GlobalSection(SolutionProperties) = preSolution
		HideSolutionNode = FALSE
	EndGlobalSection
	GlobalSection(ExtensibilityGlobals) = postSolution
		SolutionGuid = {571B1E5E-8BBE-4EBB-9959-02D60724564A}
	EndGlobalSection
EndGlobal
